PODS:
  - Alamofire (4.9.1)
  - BMPlayer (1.0.1):
    - BMPlayer/Full (= 1.0.1)
  - BMPlayer/Core (1.0.1)
  - BMPlayer/Full (1.0.1):
    - BMPlayer/Core
    - NVActivityIndicatorView (~> 4.0.0)
    - SnapKit (~> 4.0.0)
  - FDFullscreenPopGesture (1.1)
  - HandyJSON (4.1.3)
  - IBAnimatable (6.0.0)
  - Kingfisher (3.13.1)
  - lottie-ios (2.5.3)
  - MJRefresh (3.3.1)
  - NVActivityIndicatorView (4.0.1):
    - NVActivityIndicatorView/Presenter (= 4.0.1)
  - NVActivityIndicatorView/Presenter (4.0.1)
  - RxCocoa (4.5.0):
    - RxSwift (>= 4.4.2, ~> 4.4)
  - RxSwift (4.5.0)
  - SGPagingView (1.4.0)
  - SnapKit (4.0.1)
  - SQLite.swift (0.11.5):
    - SQLite.swift/standard (= 0.11.5)
  - SQLite.swift/standard (0.11.5)
  - SVProgressHUD (2.2.5)
  - SwiftTheme (0.3.3)
  - SwiftyJSON (4.2.0)

DEPENDENCIES:
  - Alamofire (~> 4.0)
  - BMPlayer (= 1.0.1)
  - FDFullscreenPopGesture
  - HandyJSON (~> 4.1.1)
  - IBAnimatable
  - Kingfisher (~> 3.0)
  - lottie-ios (= 2.5.3)
  - MJRefresh
  - RxCocoa (~> 4.5.0)
  - RxSwift (~> 4.5.0)
  - SGPagingView (= 1.4.0)
  - SQLite.swift (= 0.11.5)
  - SVProgressHUD
  - SwiftTheme (= 0.3.3)
  - SwiftyJSON (~> 4.2.0)

SPEC REPOS:
  https://github.com/CocoaPods/Specs.git:
    - Alamofire
    - BMPlayer
    - FDFullscreenPopGesture
    - HandyJSON
    - IBAnimatable
    - Kingfisher
    - lottie-ios
    - MJRefresh
    - NVActivityIndicatorView
    - RxCocoa
    - RxSwift
    - SGPagingView
    - SnapKit
    - SQLite.swift
    - SVProgressHUD
    - SwiftTheme
    - SwiftyJSON

SPEC CHECKSUMS:
  Alamofire: 85e8a02c69d6020a0d734f6054870d7ecb75cf18
  BMPlayer: 44eebf06eb01450dd14ea74b27d07c5222f0eed1
  FDFullscreenPopGesture: a8a620179e3d9c40e8e00256dcee1c1a27c6d0f0
  HandyJSON: bc81fbeb62d65ae5d5942ed29bc4a8265d18c1e8
  IBAnimatable: d49f9fee0c401b5b08d31b77256b77fb067e0e92
  Kingfisher: ed9707a409cc47fddafbcd12a43a9757e3600af5
  lottie-ios: a50d5c0160425cd4b01b852bb9578963e6d92d31
  MJRefresh: eeda70fbf0ad277f3178cef1cd0c3532591d6237
  NVActivityIndicatorView: 77ed6d7b571643e24899e7858bf9ae2ee4c21f31
  RxCocoa: cbf70265dc65a981d4ac982e513c10cf23df24a0
  RxSwift: f172070dfd1a93d70a9ab97a5a01166206e1c575
  SGPagingView: 24bb20c6be98306ad871bf4dec33f3707b1d6fd6
  SnapKit: 0de968a9fec17499afa29683b05d0c775b6d1c29
  SQLite.swift: 6e5356850bb1791459f8c16d6ee9195b28714a2e
  SVProgressHUD: 1428aafac632c1f86f62aa4243ec12008d7a51d6
  SwiftTheme: 85f84747a48749b5b3df7c3e96fc0b1d45677d30
  SwiftyJSON: c4bcba26dd9ec7a027fc8eade48e2c911f229e96

PODFILE CHECKSUM: f866de92c6a3768285f080cb4d91a896a422060f

COCOAPODS: 1.8.0.beta.1
